// !$*UTF8*$!
{
	archiveVersion = 1;
	classes = {
	};
	objectVersion = 60;
	objects = {

/* Begin PBXBuildFile section */
		DD000000000000000001AAAA /* RitmoApp.swift in Sources */ = {isa = PBXBuildFile; fileRef = BB000000000000000001AAAA /* RitmoApp.swift */; };
		DD000000000000000002AAAA /* DashboardView.swift in Sources */ = {isa = PBXBuildFile; fileRef = BB000000000000000002AAAA /* DashboardView.swift */; };
		DD000000000000000003AAAA /* DashboardViewModel.swift in Sources */ = {isa = PBXBuildFile; fileRef = BB000000000000000003AAAA /* DashboardViewModel.swift */; };
		DD000000000000000004AAAA /* WorkoutListView.swift in Sources */ = {isa = PBXBuildFile; fileRef = BB000000000000000004AAAA /* WorkoutListView.swift */; };
		DD000000000000000100AAAA /* Theme.swift in Sources */ = {isa = PBXBuildFile; fileRef = BB000000000000000100AAAA /* Theme.swift */; };
		DD000000000000000101AAAA /* Components.swift in Sources */ = {isa = PBXBuildFile; fileRef = BB000000000000000101AAAA /* Components.swift */; };
		DD000000000000000102AAAA /* HistoryPeriod.swift in Sources */ = {isa = PBXBuildFile; fileRef = BB000000000000000102AAAA /* HistoryPeriod.swift */; };
		DD000000000000000103AAAA /* InteractiveDateChart.swift in Sources */ = {isa = PBXBuildFile; fileRef = BB000000000000000103AAAA /* InteractiveDateChart.swift */; };
		DD000000000000000104AAAA /* FitCalendarView.swift in Sources */ = {isa = PBXBuildFile; fileRef = BB000000000000000104AAAA /* FitCalendarView.swift */; };
		DD000000000000000105AAAA /* SettingsView.swift in Sources */ = {isa = PBXBuildFile; fileRef = BB000000000000000105AAAA /* SettingsView.swift */; };
		DD000000000000000106AAAA /* DateNavigationBar.swift in Sources */ = {isa = PBXBuildFile; fileRef = BB000000000000000106AAAA /* DateNavigationBar.swift */; };
		DD000000000000000107AAAA /* DayScoreCard.swift in Sources */ = {isa = PBXBuildFile; fileRef = BB000000000000000107AAAA /* DayScoreCard.swift */; };
		DD000000000000000108AAAA /* InsightBanner.swift in Sources */ = {isa = PBXBuildFile; fileRef = BB000000000000000108AAAA /* InsightBanner.swift */; };
		DD000000000000000109AAAA /* ActivityMetricDetail.swift in Sources */ = {isa = PBXBuildFile; fileRef = BB000000000000000109AAAA /* ActivityMetricDetail.swift */; };
		DD000000000000000110AAAA /* NutritionView.swift in Sources */ = {isa = PBXBuildFile; fileRef = BB000000000000000110AAAA /* NutritionView.swift */; };
		DD000000000000000111AAAA /* WaterLogSheet.swift in Sources */ = {isa = PBXBuildFile; fileRef = BB000000000000000111AAAA /* WaterLogSheet.swift */; };
		DD000000000000000112AAAA /* RecoveryView.swift in Sources */ = {isa = PBXBuildFile; fileRef = BB000000000000000112AAAA /* RecoveryView.swift */; };
		DD000000000000000113AAAA /* HeartMetricComponents.swift in Sources */ = {isa = PBXBuildFile; fileRef = BB000000000000000113AAAA /* HeartMetricComponents.swift */; };
		DD000000000000000114AAAA /* SleepComponents.swift in Sources */ = {isa = PBXBuildFile; fileRef = BB000000000000000114AAAA /* SleepComponents.swift */; };
		DD000000000000000115AAAA /* InsightsView.swift in Sources */ = {isa = PBXBuildFile; fileRef = BB000000000000000115AAAA /* InsightsView.swift */; };
		DD000000000000000116AAAA /* InsightCard.swift in Sources */ = {isa = PBXBuildFile; fileRef = BB000000000000000116AAAA /* InsightCard.swift */; };
		DD000000000000000117AAAA /* WorkoutRow.swift in Sources */ = {isa = PBXBuildFile; fileRef = BB000000000000000117AAAA /* WorkoutRow.swift */; };
		DD000000000000000118AAAA /* WorkoutDetailView.swift in Sources */ = {isa = PBXBuildFile; fileRef = BB000000000000000118AAAA /* WorkoutDetailView.swift */; };
		DD000000000000000119AAAA /* WorkoutCharts.swift in Sources */ = {isa = PBXBuildFile; fileRef = BB000000000000000119AAAA /* WorkoutCharts.swift */; };
		DD000000000000000120AAAA /* DailyScoreWidget.swift in Sources */ = {isa = PBXBuildFile; fileRef = BB000000000000000120AAAA /* DailyScoreWidget.swift */; };
		DD000000000000000121AAAA /* MacroGoalsWidget.swift in Sources */ = {isa = PBXBuildFile; fileRef = BB000000000000000121AAAA /* MacroGoalsWidget.swift */; };
		DD000000000000000122AAAA /* ActivityWidget.swift in Sources */ = {isa = PBXBuildFile; fileRef = BB000000000000000122AAAA /* ActivityWidget.swift */; };
		DD000000000000000006AAAA /* Assets.xcassets in Resources */ = {isa = PBXBuildFile; fileRef = BB000000000000000007AAAA /* Assets.xcassets */; };
		DD000000000000000007AAAA /* RitmoCore in Frameworks */ = {isa = PBXBuildFile; productRef = II000000000000000002AAAA /* RitmoCore */; };
		DD000000000000000008AAAA /* RitmoWatchApp.swift in Sources */ = {isa = PBXBuildFile; fileRef = BB000000000000000009AAAA /* RitmoWatchApp.swift */; };
		DD000000000000000009AAAA /* Assets.xcassets (Watch) in Resources */ = {isa = PBXBuildFile; fileRef = BB00000000000000000BAAAA /* Assets.xcassets (Watch) */; };
		DD00000000000000000AAAAA /* RitmoCore in Frameworks */ = {isa = PBXBuildFile; productRef = II000000000000000003AAAA /* RitmoCore */; };
		DD00000000000000000BAAAA /* RitmoWidgets.swift in Sources */ = {isa = PBXBuildFile; fileRef = BB00000000000000000DAAAA /* RitmoWidgets.swift */; };
		DD00000000000000000CAAAA /* Assets.xcassets (Widgets) in Resources */ = {isa = PBXBuildFile; fileRef = BB00000000000000000FAAAA /* Assets.xcassets (Widgets) */; };
		DD00000000000000000DAAAA /* RitmoCore in Frameworks */ = {isa = PBXBuildFile; productRef = II000000000000000004AAAA /* RitmoCore */; };
		DD00000000000000000EAAAA /* Ritmo Widgets.appex in Embed Foundation Extensions */ = {isa = PBXBuildFile; fileRef = CC000000000000000003AAAA /* Ritmo Widgets.appex */; settings = {ATTRIBUTES = (RemoveHeadersOnCopy, ); }; };
		DD000000000001000001AAAA /* Localizable.strings in Resources */ = {isa = PBXBuildFile; fileRef = VV000000000001000001AAAA /* Localizable.strings */; };
		DD000000000001000002AAAA /* AppLanguage.swift in Sources */ = {isa = PBXBuildFile; fileRef = BB000000000000000011AAAA /* AppLanguage.swift */; };
		DD000000000002000001AAAA /* Localizable.strings (Widget) in Resources */ = {isa = PBXBuildFile; fileRef = VV000000000002000001AAAA /* Localizable.strings (Widget) */; };
		DD000000000000000200AAAA /* RitmoWatchWidget.swift in Sources */ = {isa = PBXBuildFile; fileRef = BB000000000000000200AAAA /* RitmoWatchWidget.swift */; };
		DD000000000000000201AAAA /* Ritmo Watch Widget.appex in Embed Watch Extensions */ = {isa = PBXBuildFile; fileRef = CC000000000000000004AAAA /* Ritmo Watch Widget.appex */; settings = {ATTRIBUTES = (RemoveHeadersOnCopy, ); }; };
		DD000000000000000400AAAA /* Ritmo watchOS.app in Embed Watch Content */ = {isa = PBXBuildFile; fileRef = CC000000000000000002AAAA /* Ritmo watchOS.app */; settings = {ATTRIBUTES = (RemoveHeadersOnCopy, ); }; };
		DD000000000000000202AAAA /* RitmoCore in Frameworks */ = {isa = PBXBuildFile; productRef = II000000000000000005AAAA /* RitmoCore */; };
		DD000000000000000203AAAA /* SleepLogSheet.swift in Sources */ = {isa = PBXBuildFile; fileRef = BB000000000000000203AAAA /* SleepLogSheet.swift */; };
		DD000000000000000300AAAA /* WatchDashboardView.swift in Sources */ = {isa = PBXBuildFile; fileRef = BB000000000000000300AAAA /* WatchDashboardView.swift */; };
		DD000000000000000301AAAA /* WatchMacroGoalsView.swift in Sources */ = {isa = PBXBuildFile; fileRef = BB000000000000000301AAAA /* WatchMacroGoalsView.swift */; };
		DD000000000000000302AAAA /* WatchWorkoutView.swift in Sources */ = {isa = PBXBuildFile; fileRef = BB000000000000000302AAAA /* WatchWorkoutView.swift */; };
		DD000000000000000303AAAA /* WatchWaterView.swift in Sources */ = {isa = PBXBuildFile; fileRef = BB000000000000000303AAAA /* WatchWaterView.swift */; };
		DD000000000000000309AAAA /* WatchSleepView.swift in Sources */ = {isa = PBXBuildFile; fileRef = BB000000000000000309AAAA /* WatchSleepView.swift */; };
		DD000000000000000310AAAA /* WatchRecoveryView.swift in Sources */ = {isa = PBXBuildFile; fileRef = BB000000000000000310AAAA /* WatchRecoveryView.swift */; };
		DD000000000000000311AAAA /* GoalsSyncService.swift (watchOS) in Sources */ = {isa = PBXBuildFile; fileRef = BB000000000000000311AAAA /* GoalsSyncService.swift */; };
		DD000000000000000312AAAA /* WatchHealthView.swift in Sources */ = {isa = PBXBuildFile; fileRef = BB000000000000000312AAAA /* WatchHealthView.swift */; };
		DD000000000000000204AAAA /* GoalsSyncService.swift (iOS) in Sources */ = {isa = PBXBuildFile; fileRef = BB000000000000000204AAAA /* GoalsSyncService.swift */; };
		DD000000000000000205AAAA /* HealthView.swift in Sources */ = {isa = PBXBuildFile; fileRef = BB000000000000000205AAAA /* HealthView.swift */; };
		DD000000000000000304AAAA /* WatchComponents.swift in Sources */ = {isa = PBXBuildFile; fileRef = BB000000000000000304AAAA /* WatchComponents.swift */; };
		DD000000000000000305AAAA /* WatchViewModel.swift in Sources */ = {isa = PBXBuildFile; fileRef = BB000000000000000305AAAA /* WatchViewModel.swift */; };
		DD000000000000000306AAAA /* WatchCircularView.swift in Sources */ = {isa = PBXBuildFile; fileRef = BB000000000000000306AAAA /* WatchCircularView.swift */; };
		DD000000000000000307AAAA /* WatchRectangularView.swift in Sources */ = {isa = PBXBuildFile; fileRef = BB000000000000000307AAAA /* WatchRectangularView.swift */; };
		DD000000000000000308AAAA /* WatchInlineCornerViews.swift in Sources */ = {isa = PBXBuildFile; fileRef = BB000000000000000308AAAA /* WatchInlineCornerViews.swift */; };
		DA000000000001000001AAAA /* Localizable.strings (Watch) in Resources */ = {isa = PBXBuildFile; fileRef = VV000000000003000001AAAA /* Localizable.strings (Watch) */; };
/* End PBXBuildFile section */

/* Begin PBXContainerItemProxy section */
		JJ000000000000000002AAAA /* PBXContainerItemProxy */ = {
			isa = PBXContainerItemProxy;
			containerPortal = AA000000000000000000AAAA /* Project object */;
			proxyType = 1;
			remoteGlobalIDString = EE000000000000000003AAAA;
			remoteInfo = "Ritmo Widgets";
		};
		PP000000000000000002AAAA /* PBXContainerItemProxy */ = {
			isa = PBXContainerItemProxy;
			containerPortal = AA000000000000000000AAAA /* Project object */;
			proxyType = 1;
			remoteGlobalIDString = EE000000000000000004AAAA;
			remoteInfo = "Ritmo Watch Widget";
		};
		JJ000000000000000401AAAA /* PBXContainerItemProxy */ = {
			isa = PBXContainerItemProxy;
			containerPortal = AA000000000000000000AAAA /* Project object */;
			proxyType = 1;
			remoteGlobalIDString = EE000000000000000002AAAA;
			remoteInfo = "Ritmo watchOS";
		};
/* End PBXContainerItemProxy section */

/* Begin PBXCopyFilesBuildPhase section */
		FF000000000000000004AAAA /* Embed Foundation Extensions */ = {
			isa = PBXCopyFilesBuildPhase;
			buildActionMask = 2147483647;
			dstPath = "";
			dstSubfolderSpec = 13;
			files = (
				DD00000000000000000EAAAA /* Ritmo Widgets.appex in Embed Foundation Extensions */,
			);
			name = "Embed Foundation Extensions";
			runOnlyForDeploymentPostprocessing = 0;
		};
		FF000000000000000016AAAA /* Embed Watch Extensions */ = {
			isa = PBXCopyFilesBuildPhase;
			buildActionMask = 2147483647;
			dstPath = "";
			dstSubfolderSpec = 13;
			files = (
				DD000000000000000201AAAA /* Ritmo Watch Widget.appex in Embed Watch Extensions */,
			);
			name = "Embed Watch Extensions";
			runOnlyForDeploymentPostprocessing = 0;
		};
		FF000000000000000400AAAA /* Embed Watch Content */ = {
			isa = PBXCopyFilesBuildPhase;
			buildActionMask = 2147483647;
			dstPath = "$(CONTENTS_FOLDER_PATH)/Watch";
			dstSubfolderSpec = 16;
			files = (
				DD000000000000000400AAAA /* Ritmo watchOS.app in Embed Watch Content */,
			);
			name = "Embed Watch Content";
			runOnlyForDeploymentPostprocessing = 0;
		};
/* End PBXCopyFilesBuildPhase section */

/* Begin PBXFileReference section */
		BB000000000000000001AAAA /* RitmoApp.swift */ = {isa = PBXFileReference; lastKnownFileType = sourcecode.swift; path = RitmoApp.swift; sourceTree = "<group>"; };
		BB000000000000000002AAAA /* DashboardView.swift */ = {isa = PBXFileReference; lastKnownFileType = sourcecode.swift; path = DashboardView.swift; sourceTree = "<group>"; };
		BB000000000000000003AAAA /* DashboardViewModel.swift */ = {isa = PBXFileReference; lastKnownFileType = sourcecode.swift; path = DashboardViewModel.swift; sourceTree = "<group>"; };
		BB000000000000000004AAAA /* WorkoutListView.swift */ = {isa = PBXFileReference; lastKnownFileType = sourcecode.swift; path = WorkoutListView.swift; sourceTree = "<group>"; };
		BB000000000000000100AAAA /* Theme.swift */ = {isa = PBXFileReference; lastKnownFileType = sourcecode.swift; path = Theme.swift; sourceTree = "<group>"; };
		BB000000000000000101AAAA /* Components.swift */ = {isa = PBXFileReference; lastKnownFileType = sourcecode.swift; path = Components.swift; sourceTree = "<group>"; };
		BB000000000000000102AAAA /* HistoryPeriod.swift */ = {isa = PBXFileReference; lastKnownFileType = sourcecode.swift; path = HistoryPeriod.swift; sourceTree = "<group>"; };
		BB000000000000000103AAAA /* InteractiveDateChart.swift */ = {isa = PBXFileReference; lastKnownFileType = sourcecode.swift; path = InteractiveDateChart.swift; sourceTree = "<group>"; };
		BB000000000000000104AAAA /* FitCalendarView.swift */ = {isa = PBXFileReference; lastKnownFileType = sourcecode.swift; path = FitCalendarView.swift; sourceTree = "<group>"; };
		BB000000000000000105AAAA /* SettingsView.swift */ = {isa = PBXFileReference; lastKnownFileType = sourcecode.swift; path = SettingsView.swift; sourceTree = "<group>"; };
		BB000000000000000106AAAA /* DateNavigationBar.swift */ = {isa = PBXFileReference; lastKnownFileType = sourcecode.swift; path = DateNavigationBar.swift; sourceTree = "<group>"; };
		BB000000000000000107AAAA /* DayScoreCard.swift */ = {isa = PBXFileReference; lastKnownFileType = sourcecode.swift; path = DayScoreCard.swift; sourceTree = "<group>"; };
		BB000000000000000108AAAA /* InsightBanner.swift */ = {isa = PBXFileReference; lastKnownFileType = sourcecode.swift; path = InsightBanner.swift; sourceTree = "<group>"; };
		BB000000000000000109AAAA /* ActivityMetricDetail.swift */ = {isa = PBXFileReference; lastKnownFileType = sourcecode.swift; path = ActivityMetricDetail.swift; sourceTree = "<group>"; };
		BB000000000000000110AAAA /* NutritionView.swift */ = {isa = PBXFileReference; lastKnownFileType = sourcecode.swift; path = NutritionView.swift; sourceTree = "<group>"; };
		BB000000000000000111AAAA /* WaterLogSheet.swift */ = {isa = PBXFileReference; lastKnownFileType = sourcecode.swift; path = WaterLogSheet.swift; sourceTree = "<group>"; };
		BB000000000000000112AAAA /* RecoveryView.swift */ = {isa = PBXFileReference; lastKnownFileType = sourcecode.swift; path = RecoveryView.swift; sourceTree = "<group>"; };
		BB000000000000000113AAAA /* HeartMetricComponents.swift */ = {isa = PBXFileReference; lastKnownFileType = sourcecode.swift; path = HeartMetricComponents.swift; sourceTree = "<group>"; };
		BB000000000000000114AAAA /* SleepComponents.swift */ = {isa = PBXFileReference; lastKnownFileType = sourcecode.swift; path = SleepComponents.swift; sourceTree = "<group>"; };
		BB000000000000000115AAAA /* InsightsView.swift */ = {isa = PBXFileReference; lastKnownFileType = sourcecode.swift; path = InsightsView.swift; sourceTree = "<group>"; };
		BB000000000000000116AAAA /* InsightCard.swift */ = {isa = PBXFileReference; lastKnownFileType = sourcecode.swift; path = InsightCard.swift; sourceTree = "<group>"; };
		BB000000000000000117AAAA /* WorkoutRow.swift */ = {isa = PBXFileReference; lastKnownFileType = sourcecode.swift; path = WorkoutRow.swift; sourceTree = "<group>"; };
		BB000000000000000118AAAA /* WorkoutDetailView.swift */ = {isa = PBXFileReference; lastKnownFileType = sourcecode.swift; path = WorkoutDetailView.swift; sourceTree = "<group>"; };
		BB000000000000000119AAAA /* WorkoutCharts.swift */ = {isa = PBXFileReference; lastKnownFileType = sourcecode.swift; path = WorkoutCharts.swift; sourceTree = "<group>"; };
		BB000000000000000120AAAA /* DailyScoreWidget.swift */ = {isa = PBXFileReference; lastKnownFileType = sourcecode.swift; path = DailyScoreWidget.swift; sourceTree = "<group>"; };
		BB000000000000000121AAAA /* MacroGoalsWidget.swift */ = {isa = PBXFileReference; lastKnownFileType = sourcecode.swift; path = MacroGoalsWidget.swift; sourceTree = "<group>"; };
		BB000000000000000122AAAA /* ActivityWidget.swift */ = {isa = PBXFileReference; lastKnownFileType = sourcecode.swift; path = ActivityWidget.swift; sourceTree = "<group>"; };
		BB000000000000000006AAAA /* Info.plist (iOS) */ = {isa = PBXFileReference; lastKnownFileType = text.plist.xml; name = "Info.plist (iOS)"; path = Info.plist; sourceTree = "<group>"; };
		BB000000000000000007AAAA /* Assets.xcassets */ = {isa = PBXFileReference; lastKnownFileType = folder.assetcatalog; path = Assets.xcassets; sourceTree = "<group>"; };
		BB000000000000000008AAAA /* Ritmo.entitlements */ = {isa = PBXFileReference; lastKnownFileType = text.plist.entitlements; path = Ritmo.entitlements; sourceTree = "<group>"; };
		BB000000000000000009AAAA /* RitmoWatchApp.swift */ = {isa = PBXFileReference; lastKnownFileType = sourcecode.swift; path = RitmoWatchApp.swift; sourceTree = "<group>"; };
		BB00000000000000000AAAAA /* Info.plist (watchOS) */ = {isa = PBXFileReference; lastKnownFileType = text.plist.xml; name = "Info.plist (watchOS)"; path = Info.plist; sourceTree = "<group>"; };
		BB00000000000000000BAAAA /* Assets.xcassets (Watch) */ = {isa = PBXFileReference; lastKnownFileType = folder.assetcatalog; name = "Assets.xcassets (Watch)"; path = Assets.xcassets; sourceTree = "<group>"; };
		BB00000000000000000CAAAA /* Ritmo watchOS.entitlements */ = {isa = PBXFileReference; lastKnownFileType = text.plist.entitlements; path = "Ritmo watchOS.entitlements"; sourceTree = "<group>"; };
		BB00000000000000000DAAAA /* RitmoWidgets.swift */ = {isa = PBXFileReference; lastKnownFileType = sourcecode.swift; path = RitmoWidgets.swift; sourceTree = "<group>"; };
		BB00000000000000000EAAAA /* Info.plist (Widgets) */ = {isa = PBXFileReference; lastKnownFileType = text.plist.xml; name = "Info.plist (Widgets)"; path = Info.plist; sourceTree = "<group>"; };
		BB00000000000000000FAAAA /* Assets.xcassets (Widgets) */ = {isa = PBXFileReference; lastKnownFileType = folder.assetcatalog; name = "Assets.xcassets (Widgets)"; path = Assets.xcassets; sourceTree = "<group>"; };
		BB000000000000000010AAAA /* Ritmo Widgets.entitlements */ = {isa = PBXFileReference; lastKnownFileType = text.plist.entitlements; path = "Ritmo Widgets.entitlements"; sourceTree = "<group>"; };
		CC000000000000000001AAAA /* Ritmo.app */ = {isa = PBXFileReference; explicitFileType = wrapper.application; includeInIndex = 0; path = Ritmo.app; sourceTree = BUILT_PRODUCTS_DIR; };
		CC000000000000000002AAAA /* Ritmo watchOS.app */ = {isa = PBXFileReference; explicitFileType = wrapper.application; includeInIndex = 0; path = "Ritmo watchOS.app"; sourceTree = BUILT_PRODUCTS_DIR; };
		CC000000000000000003AAAA /* Ritmo Widgets.appex */ = {isa = PBXFileReference; explicitFileType = "wrapper.app-extension"; includeInIndex = 0; path = "Ritmo Widgets.appex"; sourceTree = BUILT_PRODUCTS_DIR; };
		LL000000000001000001AAAA /* en */ = {isa = PBXFileReference; lastKnownFileType = text.plist.strings; name = en; path = en.lproj/Localizable.strings; sourceTree = "<group>"; };
		LL000000000001000002AAAA /* fr */ = {isa = PBXFileReference; lastKnownFileType = text.plist.strings; name = fr; path = fr.lproj/Localizable.strings; sourceTree = "<group>"; };
		LL000000000001000003AAAA /* pt */ = {isa = PBXFileReference; lastKnownFileType = text.plist.strings; name = pt; path = pt.lproj/Localizable.strings; sourceTree = "<group>"; };
		LL000000000001000004AAAA /* de */ = {isa = PBXFileReference; lastKnownFileType = text.plist.strings; name = de; path = de.lproj/Localizable.strings; sourceTree = "<group>"; };
		LL000000000001000005AAAA /* es */ = {isa = PBXFileReference; lastKnownFileType = text.plist.strings; name = es; path = es.lproj/Localizable.strings; sourceTree = "<group>"; };
		WW000000000001000001AAAA /* en (widget) */ = {isa = PBXFileReference; lastKnownFileType = text.plist.strings; name = en; path = "en.lproj/Localizable.strings"; sourceTree = "<group>"; };
		WW000000000001000002AAAA /* fr (widget) */ = {isa = PBXFileReference; lastKnownFileType = text.plist.strings; name = fr; path = "fr.lproj/Localizable.strings"; sourceTree = "<group>"; };
		WW000000000001000003AAAA /* pt (widget) */ = {isa = PBXFileReference; lastKnownFileType = text.plist.strings; name = pt; path = "pt.lproj/Localizable.strings"; sourceTree = "<group>"; };
		WW000000000001000004AAAA /* de (widget) */ = {isa = PBXFileReference; lastKnownFileType = text.plist.strings; name = de; path = "de.lproj/Localizable.strings"; sourceTree = "<group>"; };
		WW000000000001000005AAAA /* es (widget) */ = {isa = PBXFileReference; lastKnownFileType = text.plist.strings; name = es; path = "es.lproj/Localizable.strings"; sourceTree = "<group>"; };
		BB000000000000000011AAAA /* AppLanguage.swift */ = {isa = PBXFileReference; lastKnownFileType = sourcecode.swift; path = AppLanguage.swift; sourceTree = "<group>"; };
		BB000000000000000200AAAA /* RitmoWatchWidget.swift */ = {isa = PBXFileReference; lastKnownFileType = sourcecode.swift; path = RitmoWatchWidget.swift; sourceTree = "<group>"; };
		BB000000000000000201AAAA /* Info.plist (Watch Widget) */ = {isa = PBXFileReference; lastKnownFileType = text.plist.xml; name = "Info.plist (Watch Widget)"; path = Info.plist; sourceTree = "<group>"; };
		BB000000000000000202AAAA /* RitmoWatchWidget.entitlements */ = {isa = PBXFileReference; lastKnownFileType = text.plist.entitlements; path = RitmoWatchWidget.entitlements; sourceTree = "<group>"; };
		BB000000000000000203AAAA /* SleepLogSheet.swift */ = {isa = PBXFileReference; lastKnownFileType = sourcecode.swift; path = SleepLogSheet.swift; sourceTree = "<group>"; };
		CC000000000000000004AAAA /* Ritmo Watch Widget.appex */ = {isa = PBXFileReference; explicitFileType = "wrapper.app-extension"; includeInIndex = 0; path = "Ritmo Watch Widget.appex"; sourceTree = BUILT_PRODUCTS_DIR; };
		WC000000000001000001AAAA /* en (watch) */ = {isa = PBXFileReference; lastKnownFileType = text.plist.strings; name = en; path = "en.lproj/Localizable.strings"; sourceTree = "<group>"; };
		WC000000000001000002AAAA /* fr (watch) */ = {isa = PBXFileReference; lastKnownFileType = text.plist.strings; name = fr; path = "fr.lproj/Localizable.strings"; sourceTree = "<group>"; };
		WC000000000001000003AAAA /* pt (watch) */ = {isa = PBXFileReference; lastKnownFileType = text.plist.strings; name = pt; path = "pt.lproj/Localizable.strings"; sourceTree = "<group>"; };
		WC000000000001000004AAAA /* de (watch) */ = {isa = PBXFileReference; lastKnownFileType = text.plist.strings; name = de; path = "de.lproj/Localizable.strings"; sourceTree = "<group>"; };
		WC000000000001000005AAAA /* es (watch) */ = {isa = PBXFileReference; lastKnownFileType = text.plist.strings; name = es; path = "es.lproj/Localizable.strings"; sourceTree = "<group>"; };
		BB000000000000000300AAAA /* WatchDashboardView.swift */ = {isa = PBXFileReference; lastKnownFileType = sourcecode.swift; path = WatchDashboardView.swift; sourceTree = "<group>"; };
		BB000000000000000301AAAA /* WatchMacroGoalsView.swift */ = {isa = PBXFileReference; lastKnownFileType = sourcecode.swift; path = WatchMacroGoalsView.swift; sourceTree = "<group>"; };
		BB000000000000000302AAAA /* WatchWorkoutView.swift */ = {isa = PBXFileReference; lastKnownFileType = sourcecode.swift; path = WatchWorkoutView.swift; sourceTree = "<group>"; };
		BB000000000000000303AAAA /* WatchWaterView.swift */ = {isa = PBXFileReference; lastKnownFileType = sourcecode.swift; path = WatchWaterView.swift; sourceTree = "<group>"; };
		BB000000000000000309AAAA /* WatchSleepView.swift */ = {isa = PBXFileReference; lastKnownFileType = sourcecode.swift; path = WatchSleepView.swift; sourceTree = "<group>"; };
		BB000000000000000310AAAA /* WatchRecoveryView.swift */ = {isa = PBXFileReference; lastKnownFileType = sourcecode.swift; path = WatchRecoveryView.swift; sourceTree = "<group>"; };
		BB000000000000000312AAAA /* WatchHealthView.swift */ = {isa = PBXFileReference; lastKnownFileType = sourcecode.swift; path = WatchHealthView.swift; sourceTree = "<group>"; };
		BB000000000000000311AAAA /* GoalsSyncService.swift (watchOS) */ = {isa = PBXFileReference; lastKnownFileType = sourcecode.swift; path = GoalsSyncService.swift; sourceTree = "<group>"; };
		BB000000000000000204AAAA /* GoalsSyncService.swift (iOS) */ = {isa = PBXFileReference; lastKnownFileType = sourcecode.swift; path = GoalsSyncService.swift; sourceTree = "<group>"; };
		BB000000000000000205AAAA /* HealthView.swift */ = {isa = PBXFileReference; lastKnownFileType = sourcecode.swift; path = HealthView.swift; sourceTree = "<group>"; };
		BB000000000000000304AAAA /* WatchComponents.swift */ = {isa = PBXFileReference; lastKnownFileType = sourcecode.swift; path = WatchComponents.swift; sourceTree = "<group>"; };
		BB000000000000000305AAAA /* WatchViewModel.swift */ = {isa = PBXFileReference; lastKnownFileType = sourcecode.swift; path = WatchViewModel.swift; sourceTree = "<group>"; };
		BB000000000000000306AAAA /* WatchCircularView.swift */ = {isa = PBXFileReference; lastKnownFileType = sourcecode.swift; path = WatchCircularView.swift; sourceTree = "<group>"; };
		BB000000000000000307AAAA /* WatchRectangularView.swift */ = {isa = PBXFileReference; lastKnownFileType = sourcecode.swift; path = WatchRectangularView.swift; sourceTree = "<group>"; };
		BB000000000000000308AAAA /* WatchInlineCornerViews.swift */ = {isa = PBXFileReference; lastKnownFileType = sourcecode.swift; path = WatchInlineCornerViews.swift; sourceTree = "<group>"; };
/* End PBXFileReference section */

/* Begin PBXFrameworksBuildPhase section */
		FF000000000000000002AAAA /* Frameworks */ = {
			isa = PBXFrameworksBuildPhase;
			buildActionMask = 2147483647;
			files = (
				DD000000000000000007AAAA /* RitmoCore in Frameworks */,
			);
			runOnlyForDeploymentPostprocessing = 0;
		};
		FF000000000000000007AAAA /* Frameworks */ = {
			isa = PBXFrameworksBuildPhase;
			buildActionMask = 2147483647;
			files = (
				DD00000000000000000AAAAA /* RitmoCore in Frameworks */,
			);
			runOnlyForDeploymentPostprocessing = 0;
		};
		FF00000000000000000AAAAA /* Frameworks */ = {
			isa = PBXFrameworksBuildPhase;
			buildActionMask = 2147483647;
			files = (
				DD00000000000000000DAAAA /* RitmoCore in Frameworks */,
			);
			runOnlyForDeploymentPostprocessing = 0;
		};
		FF000000000000000014AAAA /* Frameworks */ = {
			isa = PBXFrameworksBuildPhase;
			buildActionMask = 2147483647;
			files = (
				DD000000000000000202AAAA /* RitmoCore in Frameworks */,
			);
			runOnlyForDeploymentPostprocessing = 0;
		};
/* End PBXFrameworksBuildPhase section */

/* Begin PBXGroup section */
		AA000000000000000001AAAA = {
			isa = PBXGroup;
			children = (
				AA000000000000000002AAAA /* Ritmo iOS */,
				AA000000000000000006AAAA /* Ritmo watchOS */,
				AA000000000000000007AAAA /* Ritmo Widgets */,
				AA000000000000000016AAAA /* Ritmo Watch Widget */,
				AA000000000000000008AAAA /* Packages */,
				AA000000000000000009AAAA /* Products */,
			);
			sourceTree = "<group>";
		};
		AA000000000000000016AAAA /* Ritmo Watch Widget */ = {
			isa = PBXGroup;
			children = (
				BB000000000000000200AAAA /* RitmoWatchWidget.swift */,
				BB000000000000000306AAAA /* WatchCircularView.swift */,
				BB000000000000000307AAAA /* WatchRectangularView.swift */,
				BB000000000000000308AAAA /* WatchInlineCornerViews.swift */,
				BB000000000000000201AAAA /* Info.plist (Watch Widget) */,
				BB000000000000000202AAAA /* RitmoWatchWidget.entitlements */,
			);
			path = "Ritmo Watch Widget";
			sourceTree = "<group>";
		};
		AA000000000000000002AAAA /* Ritmo iOS */ = {
			isa = PBXGroup;
			children = (
				BB000000000000000001AAAA /* RitmoApp.swift */,
				BB000000000000000011AAAA /* AppLanguage.swift */,
				AA000000000000000010AAAA /* Core */,
				AA000000000000000003AAAA /* Features */,
				VV000000000001000001AAAA /* Localizable.strings */,
				BB000000000000000007AAAA /* Assets.xcassets */,
				BB000000000000000006AAAA /* Info.plist (iOS) */,
				BB000000000000000008AAAA /* Ritmo.entitlements */,
			);
			path = "Ritmo iOS";
			sourceTree = "<group>";
		};
		AA000000000000000010AAAA /* Core */ = {
			isa = PBXGroup;
			children = (
				BB000000000000000100AAAA /* Theme.swift */,
				BB000000000000000101AAAA /* Components.swift */,
				BB000000000000000102AAAA /* HistoryPeriod.swift */,
				BB000000000000000204AAAA /* GoalsSyncService.swift */,
				AA000000000000000011AAAA /* Charts */,
			);
			path = Core;
			sourceTree = "<group>";
		};
		AA000000000000000011AAAA /* Charts */ = {
			isa = PBXGroup;
			children = (
				BB000000000000000103AAAA /* InteractiveDateChart.swift */,
				BB000000000000000104AAAA /* FitCalendarView.swift */,
			);
			path = Charts;
			sourceTree = "<group>";
		};
		AA000000000000000003AAAA /* Features */ = {
			isa = PBXGroup;
			children = (
				AA000000000000000004AAAA /* Dashboard */,
				AA000000000000000005AAAA /* Workout */,
				AA000000000000000012AAAA /* Settings */,
				AA000000000000000013AAAA /* Nutrition */,
				AA000000000000000014AAAA /* Recovery */,
				AA000000000000000020AAAA /* Health */,
				AA000000000000000015AAAA /* Insights */,
			);
			path = Features;
			sourceTree = "<group>";
		};
		AA000000000000000020AAAA /* Health */ = {
			isa = PBXGroup;
			children = (
				BB000000000000000205AAAA /* HealthView.swift */,
			);
			path = Health;
			sourceTree = "<group>";
		};
		AA000000000000000004AAAA /* Dashboard */ = {
			isa = PBXGroup;
			children = (
				BB000000000000000002AAAA /* DashboardView.swift */,
				BB000000000000000003AAAA /* DashboardViewModel.swift */,
				BB000000000000000106AAAA /* DateNavigationBar.swift */,
				BB000000000000000107AAAA /* DayScoreCard.swift */,
				BB000000000000000108AAAA /* InsightBanner.swift */,
				BB000000000000000109AAAA /* ActivityMetricDetail.swift */,
			);
			path = Dashboard;
			sourceTree = "<group>";
		};
		AA000000000000000005AAAA /* Workout */ = {
			isa = PBXGroup;
			children = (
				BB000000000000000004AAAA /* WorkoutListView.swift */,
				BB000000000000000117AAAA /* WorkoutRow.swift */,
				BB000000000000000118AAAA /* WorkoutDetailView.swift */,
				BB000000000000000119AAAA /* WorkoutCharts.swift */,
			);
			path = Workout;
			sourceTree = "<group>";
		};
		AA000000000000000012AAAA /* Settings */ = {
			isa = PBXGroup;
			children = (
				BB000000000000000105AAAA /* SettingsView.swift */,
			);
			path = Settings;
			sourceTree = "<group>";
		};
		AA000000000000000013AAAA /* Nutrition */ = {
			isa = PBXGroup;
			children = (
				BB000000000000000110AAAA /* NutritionView.swift */,
				BB000000000000000111AAAA /* WaterLogSheet.swift */,
			);
			path = Nutrition;
			sourceTree = "<group>";
		};
		AA000000000000000014AAAA /* Recovery */ = {
			isa = PBXGroup;
			children = (
				BB000000000000000112AAAA /* RecoveryView.swift */,
				BB000000000000000113AAAA /* HeartMetricComponents.swift */,
				BB000000000000000114AAAA /* SleepComponents.swift */,
				BB000000000000000203AAAA /* SleepLogSheet.swift */,
			);
			path = Recovery;
			sourceTree = "<group>";
		};
		AA000000000000000015AAAA /* Insights */ = {
			isa = PBXGroup;
			children = (
				BB000000000000000115AAAA /* InsightsView.swift */,
				BB000000000000000116AAAA /* InsightCard.swift */,
			);
			path = Insights;
			sourceTree = "<group>";
		};
		AA000000000000000006AAAA /* Ritmo watchOS */ = {
			isa = PBXGroup;
			children = (
				BB000000000000000009AAAA /* RitmoWatchApp.swift */,
				AA000000000000000301AAAA /* Features */,
				AA000000000000000305AAAA /* Components */,
				AA000000000000000306AAAA /* ViewModels */,
				AA000000000000000311AAAA /* Services (watchOS) */,
				VV000000000003000001AAAA /* Localizable.strings (Watch) */,
				BB00000000000000000BAAAA /* Assets.xcassets (Watch) */,
				BB00000000000000000AAAAA /* Info.plist (watchOS) */,
				BB00000000000000000CAAAA /* Ritmo watchOS.entitlements */,
			);
			path = "Ritmo watchOS";
			sourceTree = "<group>";
		};
		AA000000000000000301AAAA /* Features */ = {
			isa = PBXGroup;
			children = (
				AA000000000000000302AAAA /* Dashboard */,
				AA000000000000000303AAAA /* Workout */,
				AA000000000000000304AAAA /* Water */,
				AA000000000000000309AAAA /* Sleep */,
				AA000000000000000310AAAA /* Recovery (watchOS) */,
				AA000000000000000312AAAA /* Health (watchOS) */,
			);
			path = Features;
			sourceTree = "<group>";
		};
		AA000000000000000312AAAA /* Health (watchOS) */ = {
			isa = PBXGroup;
			children = (
				BB000000000000000312AAAA /* WatchHealthView.swift */,
			);
			path = Health;
			sourceTree = "<group>";
		};
		AA000000000000000302AAAA /* Dashboard */ = {
			isa = PBXGroup;
			children = (
				BB000000000000000300AAAA /* WatchDashboardView.swift */,
				BB000000000000000301AAAA /* WatchMacroGoalsView.swift */,
			);
			path = Dashboard;
			sourceTree = "<group>";
		};
		AA000000000000000303AAAA /* Workout */ = {
			isa = PBXGroup;
			children = (
				BB000000000000000302AAAA /* WatchWorkoutView.swift */,
			);
			path = Workout;
			sourceTree = "<group>";
		};
		AA000000000000000304AAAA /* Water */ = {
			isa = PBXGroup;
			children = (
				BB000000000000000303AAAA /* WatchWaterView.swift */,
			);
			path = Water;
			sourceTree = "<group>";
		};
		AA000000000000000309AAAA /* Sleep */ = {
			isa = PBXGroup;
			children = (
				BB000000000000000309AAAA /* WatchSleepView.swift */,
			);
			path = Sleep;
			sourceTree = "<group>";
		};
		AA000000000000000310AAAA /* Recovery (watchOS) */ = {
			isa = PBXGroup;
			children = (
				BB000000000000000310AAAA /* WatchRecoveryView.swift */,
			);
			path = Recovery;
			sourceTree = "<group>";
		};
		AA000000000000000311AAAA /* Services (watchOS) */ = {
			isa = PBXGroup;
			children = (
				BB000000000000000311AAAA /* GoalsSyncService.swift */,
			);
			path = Services;
			sourceTree = "<group>";
		};
		AA000000000000000305AAAA /* Components */ = {
			isa = PBXGroup;
			children = (
				BB000000000000000304AAAA /* WatchComponents.swift */,
			);
			path = Components;
			sourceTree = "<group>";
		};
		AA000000000000000306AAAA /* ViewModels */ = {
			isa = PBXGroup;
			children = (
				BB000000000000000305AAAA /* WatchViewModel.swift */,
			);
			path = ViewModels;
			sourceTree = "<group>";
		};
		AA000000000000000007AAAA /* Ritmo Widgets */ = {
			isa = PBXGroup;
			children = (
				BB00000000000000000DAAAA /* RitmoWidgets.swift */,
				BB000000000000000120AAAA /* DailyScoreWidget.swift */,
				BB000000000000000121AAAA /* MacroGoalsWidget.swift */,
				BB000000000000000122AAAA /* ActivityWidget.swift */,
				BB00000000000000000FAAAA /* Assets.xcassets (Widgets) */,
				BB00000000000000000EAAAA /* Info.plist (Widgets) */,
				BB000000000000000010AAAA /* Ritmo Widgets.entitlements */,
				VV000000000002000001AAAA /* Localizable.strings (Widget) */,
			);
			path = "Ritmo Widgets";
			sourceTree = "<group>";
		};
		AA000000000000000008AAAA /* Packages */ = {
			isa = PBXGroup;
			children = (
			);
			name = Packages;
			sourceTree = "<group>";
		};
		AA000000000000000009AAAA /* Products */ = {
			isa = PBXGroup;
			children = (
				CC000000000000000001AAAA /* Ritmo.app */,
				CC000000000000000002AAAA /* Ritmo watchOS.app */,
				CC000000000000000003AAAA /* Ritmo Widgets.appex */,
				CC000000000000000004AAAA /* Ritmo Watch Widget.appex */,
			);
			name = Products;
			sourceTree = "<group>";
		};
/* End PBXGroup section */

/* Begin PBXNativeTarget section */
		EE000000000000000001AAAA /* Ritmo */ = {
			isa = PBXNativeTarget;
			buildConfigurationList = GG000000000000000002AAAA /* Build configuration list for PBXNativeTarget "Ritmo" */;
			buildPhases = (
				FF000000000000000001AAAA /* Sources */,
				FF000000000000000002AAAA /* Frameworks */,
				FF000000000000000003AAAA /* Resources */,
				FF000000000000000004AAAA /* Embed Foundation Extensions */,
				FF000000000000000400AAAA /* Embed Watch Content */,
			);
			buildRules = (
			);
			dependencies = (
				JJ000000000000000001AAAA /* PBXTargetDependency */,
				JJ000000000000000400AAAA /* PBXTargetDependency */,
			);
			name = Ritmo;
			packageProductDependencies = (
				II000000000000000002AAAA /* RitmoCore */,
			);
			productName = Ritmo;
			productReference = CC000000000000000001AAAA /* Ritmo.app */;
			productType = "com.apple.product-type.application";
		};
		EE000000000000000002AAAA /* Ritmo watchOS */ = {
			isa = PBXNativeTarget;
			buildConfigurationList = GG000000000000000003AAAA /* Build configuration list for PBXNativeTarget "Ritmo watchOS" */;
			buildPhases = (
				FF000000000000000006AAAA /* Sources */,
				FF000000000000000007AAAA /* Frameworks */,
				FF000000000000000008AAAA /* Resources */,
				FF000000000000000016AAAA /* Embed Watch Extensions */,
			);
			buildRules = (
			);
			dependencies = (
				JJ000000000000000003AAAA /* PBXTargetDependency */,
			);
			name = "Ritmo watchOS";
			packageProductDependencies = (
				II000000000000000003AAAA /* RitmoCore */,
			);
			productName = "Ritmo watchOS";
			productReference = CC000000000000000002AAAA /* Ritmo watchOS.app */;
			productType = "com.apple.product-type.application";
		};
		EE000000000000000004AAAA /* Ritmo Watch Widget */ = {
			isa = PBXNativeTarget;
			buildConfigurationList = GG000000000000000005AAAA /* Build configuration list for PBXNativeTarget "Ritmo Watch Widget" */;
			buildPhases = (
				FF000000000000000013AAAA /* Sources */,
				FF000000000000000014AAAA /* Frameworks */,
				FF000000000000000015AAAA /* Resources */,
			);
			buildRules = (
			);
			dependencies = (
			);
			name = "Ritmo Watch Widget";
			packageProductDependencies = (
				II000000000000000005AAAA /* RitmoCore */,
			);
			productName = "Ritmo Watch Widget";
			productReference = CC000000000000000004AAAA /* Ritmo Watch Widget.appex */;
			productType = "com.apple.product-type.app-extension";
		};
		EE000000000000000003AAAA /* Ritmo Widgets */ = {
			isa = PBXNativeTarget;
			buildConfigurationList = GG000000000000000004AAAA /* Build configuration list for PBXNativeTarget "Ritmo Widgets" */;
			buildPhases = (
				FF000000000000000009AAAA /* Sources */,
				FF00000000000000000AAAAA /* Frameworks */,
				FF00000000000000000BAAAA /* Resources */,
			);
			buildRules = (
			);
			dependencies = (
			);
			name = "Ritmo Widgets";
			packageProductDependencies = (
				II000000000000000004AAAA /* RitmoCore */,
			);
			productName = "Ritmo Widgets";
			productReference = CC000000000000000003AAAA /* Ritmo Widgets.appex */;
			productType = "com.apple.product-type.app-extension";
		};
/* End PBXNativeTarget section */

/* Begin PBXProject section */
		AA000000000000000000AAAA /* Project object */ = {
			isa = PBXProject;
			attributes = {
				BuildIndependentTargetsInParallel = 1;
				LastSwiftUpdateCheck = 1500;
				LastUpgradeCheck = 1500;
				TargetAttributes = {
					EE000000000000000001AAAA = {
						CreatedOnToolsVersion = 15.0;
					};
					EE000000000000000002AAAA = {
						CreatedOnToolsVersion = 15.0;
					};
					EE000000000000000003AAAA = {
						CreatedOnToolsVersion = 15.0;
					};
					EE000000000000000004AAAA = {
						CreatedOnToolsVersion = 15.0;
					};
				};
			};
			buildConfigurationList = GG000000000000000001AAAA /* Build configuration list for PBXProject "Ritmo" */;
			compatibilityVersion = "Xcode 14.0";
			developmentRegion = it;
			hasScannedForEncodings = 0;
			knownRegions = (
				it,
				en,
				Base,
				fr,
				pt,
				de,
				es,
			);
			mainGroup = AA000000000000000001AAAA;
			packageReferences = (
				II000000000000000001AAAA /* XCLocalSwiftPackageReference "Packages/RitmoCore" */,
			);
			productRefGroup = AA000000000000000009AAAA /* Products */;
			projectDirPath = "";
			projectRoot = "";
			targets = (
				EE000000000000000001AAAA /* Ritmo */,
				EE000000000000000002AAAA /* Ritmo watchOS */,
				EE000000000000000003AAAA /* Ritmo Widgets */,
				EE000000000000000004AAAA /* Ritmo Watch Widget */,
			);
		};
/* End PBXProject section */

/* Begin PBXResourcesBuildPhase section */
		FF000000000000000003AAAA /* Resources */ = {
			isa = PBXResourcesBuildPhase;
			buildActionMask = 2147483647;
			files = (
				DD000000000000000006AAAA /* Assets.xcassets in Resources */,
				DD000000000001000001AAAA /* Localizable.strings in Resources */,
			);
			runOnlyForDeploymentPostprocessing = 0;
		};
		FF000000000000000008AAAA /* Resources */ = {
			isa = PBXResourcesBuildPhase;
			buildActionMask = 2147483647;
			files = (
				DD000000000000000009AAAA /* Assets.xcassets (Watch) in Resources */,
				DA000000000001000001AAAA /* Localizable.strings (Watch) in Resources */,
			);
			runOnlyForDeploymentPostprocessing = 0;
		};
		FF00000000000000000BAAAA /* Resources */ = {
			isa = PBXResourcesBuildPhase;
			buildActionMask = 2147483647;
			files = (
				DD00000000000000000CAAAA /* Assets.xcassets (Widgets) in Resources */,
				DD000000000002000001AAAA /* Localizable.strings (Widget) in Resources */,
			);
			runOnlyForDeploymentPostprocessing = 0;
		};
		FF000000000000000015AAAA /* Resources */ = {
			isa = PBXResourcesBuildPhase;
			buildActionMask = 2147483647;
			files = (
			);
			runOnlyForDeploymentPostprocessing = 0;
		};
/* End PBXResourcesBuildPhase section */

/* Begin PBXSourcesBuildPhase section */
		FF000000000000000001AAAA /* Sources */ = {
			isa = PBXSourcesBuildPhase;
			buildActionMask = 2147483647;
			files = (
				DD000000000000000001AAAA /* RitmoApp.swift in Sources */,
				DD000000000000000002AAAA /* DashboardView.swift in Sources */,
				DD000000000000000003AAAA /* DashboardViewModel.swift in Sources */,
				DD000000000000000004AAAA /* WorkoutListView.swift in Sources */,
				DD000000000001000002AAAA /* AppLanguage.swift in Sources */,
				DD000000000000000100AAAA /* Theme.swift in Sources */,
				DD000000000000000101AAAA /* Components.swift in Sources */,
				DD000000000000000102AAAA /* HistoryPeriod.swift in Sources */,
				DD000000000000000103AAAA /* InteractiveDateChart.swift in Sources */,
				DD000000000000000104AAAA /* FitCalendarView.swift in Sources */,
				DD000000000000000105AAAA /* SettingsView.swift in Sources */,
				DD000000000000000106AAAA /* DateNavigationBar.swift in Sources */,
				DD000000000000000107AAAA /* DayScoreCard.swift in Sources */,
				DD000000000000000108AAAA /* InsightBanner.swift in Sources */,
				DD000000000000000109AAAA /* ActivityMetricDetail.swift in Sources */,
				DD000000000000000110AAAA /* NutritionView.swift in Sources */,
				DD000000000000000111AAAA /* WaterLogSheet.swift in Sources */,
				DD000000000000000112AAAA /* RecoveryView.swift in Sources */,
				DD000000000000000113AAAA /* HeartMetricComponents.swift in Sources */,
				DD000000000000000114AAAA /* SleepComponents.swift in Sources */,
				DD000000000000000115AAAA /* InsightsView.swift in Sources */,
				DD000000000000000116AAAA /* InsightCard.swift in Sources */,
				DD000000000000000117AAAA /* WorkoutRow.swift in Sources */,
				DD000000000000000118AAAA /* WorkoutDetailView.swift in Sources */,
				DD000000000000000119AAAA /* WorkoutCharts.swift in Sources */,
				DD000000000000000203AAAA /* SleepLogSheet.swift in Sources */,
				DD000000000000000204AAAA /* GoalsSyncService.swift in Sources */,
				DD000000000000000205AAAA /* HealthView.swift in Sources */,
			);
			runOnlyForDeploymentPostprocessing = 0;
		};
		FF000000000000000006AAAA /* Sources */ = {
			isa = PBXSourcesBuildPhase;
			buildActionMask = 2147483647;
			files = (
				DD000000000000000008AAAA /* RitmoWatchApp.swift in Sources */,
				DD000000000000000300AAAA /* WatchDashboardView.swift in Sources */,
				DD000000000000000301AAAA /* WatchMacroGoalsView.swift in Sources */,
				DD000000000000000302AAAA /* WatchWorkoutView.swift in Sources */,
				DD000000000000000303AAAA /* WatchWaterView.swift in Sources */,
				DD000000000000000309AAAA /* WatchSleepView.swift in Sources */,
				DD000000000000000304AAAA /* WatchComponents.swift in Sources */,
				DD000000000000000305AAAA /* WatchViewModel.swift in Sources */,
				DD000000000000000310AAAA /* WatchRecoveryView.swift in Sources */,
				DD000000000000000311AAAA /* GoalsSyncService.swift in Sources */,
				DD000000000000000312AAAA /* WatchHealthView.swift in Sources */,
			);
			runOnlyForDeploymentPostprocessing = 0;
		};
		FF000000000000000009AAAA /* Sources */ = {
			isa = PBXSourcesBuildPhase;
			buildActionMask = 2147483647;
			files = (
				DD00000000000000000BAAAA /* RitmoWidgets.swift in Sources */,
				DD000000000000000120AAAA /* DailyScoreWidget.swift in Sources */,
				DD000000000000000121AAAA /* MacroGoalsWidget.swift in Sources */,
				DD000000000000000122AAAA /* ActivityWidget.swift in Sources */,
			);
			runOnlyForDeploymentPostprocessing = 0;
		};
		FF000000000000000013AAAA /* Sources */ = {
			isa = PBXSourcesBuildPhase;
			buildActionMask = 2147483647;
			files = (
				DD000000000000000200AAAA /* RitmoWatchWidget.swift in Sources */,
				DD000000000000000306AAAA /* WatchCircularView.swift in Sources */,
				DD000000000000000307AAAA /* WatchRectangularView.swift in Sources */,
				DD000000000000000308AAAA /* WatchInlineCornerViews.swift in Sources */,
			);
			runOnlyForDeploymentPostprocessing = 0;
		};
/* End PBXSourcesBuildPhase section */

/* Begin PBXTargetDependency section */
		JJ000000000000000001AAAA /* PBXTargetDependency */ = {
			isa = PBXTargetDependency;
			target = EE000000000000000003AAAA /* Ritmo Widgets */;
			targetProxy = JJ000000000000000002AAAA /* PBXContainerItemProxy */;
		};
		JJ000000000000000003AAAA /* PBXTargetDependency */ = {
			isa = PBXTargetDependency;
			target = EE000000000000000004AAAA /* Ritmo Watch Widget */;
			targetProxy = PP000000000000000002AAAA /* PBXContainerItemProxy */;
		};
		JJ000000000000000400AAAA /* PBXTargetDependency */ = {
			isa = PBXTargetDependency;
			target = EE000000000000000002AAAA /* Ritmo watchOS */;
			targetProxy = JJ000000000000000401AAAA /* PBXContainerItemProxy */;
		};
/* End PBXTargetDependency section */

/* Begin PBXVariantGroup section */
		VV000000000001000001AAAA /* Localizable.strings */ = {
			isa = PBXVariantGroup;
			children = (
				LL000000000001000001AAAA /* en */,
				LL000000000001000002AAAA /* fr */,
				LL000000000001000003AAAA /* pt */,
				LL000000000001000004AAAA /* de */,
				LL000000000001000005AAAA /* es */,
			);
			name = Localizable.strings;
			sourceTree = "<group>";
		};
		VV000000000002000001AAAA /* Localizable.strings (Widget) */ = {
			isa = PBXVariantGroup;
			children = (
				WW000000000001000001AAAA /* en (widget) */,
				WW000000000001000002AAAA /* fr (widget) */,
				WW000000000001000003AAAA /* pt (widget) */,
				WW000000000001000004AAAA /* de (widget) */,
				WW000000000001000005AAAA /* es (widget) */,
			);
			name = Localizable.strings;
			sourceTree = "<group>";
		};
		VV000000000003000001AAAA /* Localizable.strings (Watch) */ = {
			isa = PBXVariantGroup;
			children = (
				WC000000000001000001AAAA /* en (watch) */,
				WC000000000001000002AAAA /* fr (watch) */,
				WC000000000001000003AAAA /* pt (watch) */,
				WC000000000001000004AAAA /* de (watch) */,
				WC000000000001000005AAAA /* es (watch) */,
			);
			name = Localizable.strings;
			sourceTree = "<group>";
		};
/* End PBXVariantGroup section */

/* Begin XCBuildConfiguration section */
		HH000000000000000001AAAA /* Debug */ = {
			isa = XCBuildConfiguration;
			buildSettings = {
				ALWAYS_SEARCH_USER_PATHS = NO;
				CLANG_ANALYZER_NONNULL = YES;
				CLANG_ANALYZER_NUMBER_OBJECT_CONVERSION = YES_AGGRESSIVE;
				CLANG_CXX_LANGUAGE_STANDARD = "gnu++20";
				CLANG_ENABLE_MODULES = YES;
				CLANG_ENABLE_OBJC_ARC = YES;
				CLANG_ENABLE_OBJC_WEAK = YES;
				CLANG_WARN_BLOCK_CAPTURE_AUTORELEASING = YES;
				CLANG_WARN_BOOL_CONVERSION = YES;
				CLANG_WARN_COMMA = YES;
				CLANG_WARN_CONSTANT_CONVERSION = YES;
				CLANG_WARN_DEPRECATED_OBJC_IMPLEMENTATIONS = YES;
				CLANG_WARN_DIRECT_OBJC_ISA_USAGE = YES_ERROR;
				CLANG_WARN_DOCUMENTATION_COMMENTS = YES;
				CLANG_WARN_EMPTY_BODY = YES;
				CLANG_WARN_ENUM_CONVERSION = YES;
				CLANG_WARN_INFINITE_RECURSION = YES;
				CLANG_WARN_INT_CONVERSION = YES;
				CLANG_WARN_NON_LITERAL_NULL_CONVERSION = YES;
				CLANG_WARN_OBJC_IMPLICIT_RETAIN_SELF = YES;
				CLANG_WARN_OBJC_LITERAL_CONVERSION = YES;
				CLANG_WARN_OBJC_ROOT_CLASS = YES_ERROR;
				CLANG_WARN_QUOTED_INCLUDE_IN_FRAMEWORK_HEADER = YES;
				CLANG_WARN_RANGE_LOOP_ANALYSIS = YES;
				CLANG_WARN_STRICT_PROTOTYPES = YES;
				CLANG_WARN_SUSPICIOUS_MOVE = YES;
				CLANG_WARN_UNGUARDED_AVAILABILITY = YES_AGGRESSIVE;
				CLANG_WARN_UNREACHABLE_CODE = YES;
				CLANG_WARN__DUPLICATE_METHOD_MATCH = YES;
				COPY_PHASE_STRIP = NO;
				DEBUG_INFORMATION_FORMAT = dwarf;
				ENABLE_STRICT_OBJC_MSGSEND = YES;
				ENABLE_TESTABILITY = YES;
				GCC_C_LANGUAGE_STANDARD = gnu17;
				GCC_DYNAMIC_NO_PIC = NO;
				GCC_NO_COMMON_BLOCKS = YES;
				GCC_OPTIMIZATION_LEVEL = 0;
				GCC_PREPROCESSOR_DEFINITIONS = (
					"DEBUG=1",
					"$(inherited)",
				);
				GCC_WARN_64_TO_32_BIT_CONVERSION = YES;
				GCC_WARN_ABOUT_RETURN_TYPE = YES_ERROR;
				GCC_WARN_UNDECLARED_SELECTOR = YES;
				GCC_WARN_UNINITIALIZED_AUTOS = YES_AGGRESSIVE;
				GCC_WARN_UNUSED_FUNCTION = YES;
				GCC_WARN_UNUSED_VARIABLE = YES;
				MTL_ENABLE_DEBUG_INFO = INCLUDE_SOURCE;
				MTL_FAST_MATH = YES;
				ONLY_ACTIVE_ARCH = YES;
				SWIFT_ACTIVE_COMPILATION_CONDITIONS = DEBUG;
				SWIFT_OPTIMIZATION_LEVEL = "-Onone";
			};
			name = Debug;
		};
		HH000000000000000002AAAA /* Release */ = {
			isa = XCBuildConfiguration;
			buildSettings = {
				ALWAYS_SEARCH_USER_PATHS = NO;
				CLANG_ANALYZER_NONNULL = YES;
				CLANG_CXX_LANGUAGE_STANDARD = "gnu++20";
				CLANG_ENABLE_MODULES = YES;
				CLANG_ENABLE_OBJC_ARC = YES;
				CLANG_ENABLE_OBJC_WEAK = YES;
				COPY_PHASE_STRIP = NO;
				DEBUG_INFORMATION_FORMAT = "dwarf-with-dsym";
				ENABLE_NS_ASSERTIONS = NO;
				ENABLE_STRICT_OBJC_MSGSEND = YES;
				GCC_C_LANGUAGE_STANDARD = gnu17;
				GCC_NO_COMMON_BLOCKS = YES;
				GCC_WARN_64_TO_32_BIT_CONVERSION = YES;
				GCC_WARN_ABOUT_RETURN_TYPE = YES_ERROR;
				GCC_WARN_UNDECLARED_SELECTOR = YES;
				GCC_WARN_UNINITIALIZED_AUTOS = YES_AGGRESSIVE;
				GCC_WARN_UNUSED_FUNCTION = YES;
				GCC_WARN_UNUSED_VARIABLE = YES;
				MTL_FAST_MATH = YES;
				SWIFT_COMPILATION_MODE = wholemodule;
				SWIFT_OPTIMIZATION_LEVEL = "-O";
				VALIDATE_PRODUCT = YES;
			};
			name = Release;
		};
		HH000000000000000003AAAA /* Debug */ = {
			isa = XCBuildConfiguration;
			buildSettings = {
				ASPECT_RATIO_ACTION_ICON_SIZE_REQUIREMENTS = NO;
				ASSETCATALOG_COMPILER_APPICON_NAME = AppIcon;
				CODE_SIGN_ENTITLEMENTS = "Ritmo iOS/Ritmo.entitlements";
				CODE_SIGN_STYLE = Automatic;
				CURRENT_PROJECT_VERSION = 1;
				DEVELOPMENT_TEAM = NLJBBH7U2K;
				GENERATE_INFOPLIST_FILE = NO;
				INFOPLIST_FILE = "Ritmo iOS/Info.plist";
				IPHONEOS_DEPLOYMENT_TARGET = 26.0;
				LD_RUNPATH_SEARCH_PATHS = (
					"$(inherited)",
					"@executable_path/Frameworks",
				);
				MARKETING_VERSION = 1.0;
				PRODUCT_BUNDLE_IDENTIFIER = com.alessandrodiscalzi.ritmo;
				PRODUCT_NAME = "$(TARGET_NAME)";
				SDKROOT = iphoneos;
				SUPPORTED_PLATFORMS = "iphoneos iphonesimulator";
				SUPPORTS_MACCATALYST = YES;
				SUPPORTS_MAC_DESIGNED_FOR_IPHONE_IPAD = YES;
				SWIFT_EMIT_LOC_STRINGS = YES;
				SWIFT_VERSION = 5.9;
				TARGETED_DEVICE_FAMILY = "1,2";
			};
			name = Debug;
		};
		HH000000000000000004AAAA /* Release */ = {
			isa = XCBuildConfiguration;
			buildSettings = {
				ASPECT_RATIO_ACTION_ICON_SIZE_REQUIREMENTS = NO;
				ASSETCATALOG_COMPILER_APPICON_NAME = AppIcon;
				CODE_SIGN_ENTITLEMENTS = "Ritmo iOS/Ritmo.entitlements";
				CODE_SIGN_STYLE = Automatic;
				CURRENT_PROJECT_VERSION = 1;
				DEVELOPMENT_TEAM = NLJBBH7U2K;
				GENERATE_INFOPLIST_FILE = NO;
				INFOPLIST_FILE = "Ritmo iOS/Info.plist";
				IPHONEOS_DEPLOYMENT_TARGET = 26.0;
				LD_RUNPATH_SEARCH_PATHS = (
					"$(inherited)",
					"@executable_path/Frameworks",
				);
				MARKETING_VERSION = 1.0;
				PRODUCT_BUNDLE_IDENTIFIER = com.alessandrodiscalzi.ritmo;
				PRODUCT_NAME = "$(TARGET_NAME)";
				SDKROOT = iphoneos;
				SUPPORTED_PLATFORMS = "iphoneos iphonesimulator";
				SUPPORTS_MACCATALYST = YES;
				SUPPORTS_MAC_DESIGNED_FOR_IPHONE_IPAD = YES;
				SWIFT_EMIT_LOC_STRINGS = YES;
				SWIFT_VERSION = 5.9;
				TARGETED_DEVICE_FAMILY = "1,2";
			};
			name = Release;
		};
		HH000000000000000005AAAA /* Debug */ = {
			isa = XCBuildConfiguration;
			buildSettings = {
				ASSETCATALOG_COMPILER_APPICON_NAME = AppIcon;
				CODE_SIGN_ENTITLEMENTS = "Ritmo watchOS/Ritmo watchOS.entitlements";
				CODE_SIGN_STYLE = Automatic;
				CURRENT_PROJECT_VERSION = 1;
				DEVELOPMENT_TEAM = NLJBBH7U2K;
				GENERATE_INFOPLIST_FILE = NO;
				INFOPLIST_FILE = "Ritmo watchOS/Info.plist";
				LD_RUNPATH_SEARCH_PATHS = (
					"$(inherited)",
					"@executable_path/Frameworks",
				);
				MARKETING_VERSION = 1.0;
				PRODUCT_BUNDLE_IDENTIFIER = com.alessandrodiscalzi.ritmo.watchkitapp;
				PRODUCT_NAME = "$(TARGET_NAME)";
				SDKROOT = watchos;
				SKIP_INSTALL = YES;
				SUPPORTED_PLATFORMS = "watchos watchsimulator";
				SWIFT_EMIT_LOC_STRINGS = YES;
				SWIFT_VERSION = 5.9;
				WATCHOS_DEPLOYMENT_TARGET = 10.0;
			};
			name = Debug;
		};
		HH000000000000000006AAAA /* Release */ = {
			isa = XCBuildConfiguration;
			buildSettings = {
				ASSETCATALOG_COMPILER_APPICON_NAME = AppIcon;
				CODE_SIGN_ENTITLEMENTS = "Ritmo watchOS/Ritmo watchOS.entitlements";
				CODE_SIGN_STYLE = Automatic;
				CURRENT_PROJECT_VERSION = 1;
				DEVELOPMENT_TEAM = NLJBBH7U2K;
				GENERATE_INFOPLIST_FILE = NO;
				INFOPLIST_FILE = "Ritmo watchOS/Info.plist";
				LD_RUNPATH_SEARCH_PATHS = (
					"$(inherited)",
					"@executable_path/Frameworks",
				);
				MARKETING_VERSION = 1.0;
				PRODUCT_BUNDLE_IDENTIFIER = com.alessandrodiscalzi.ritmo.watchkitapp;
				PRODUCT_NAME = "$(TARGET_NAME)";
				SDKROOT = watchos;
				SKIP_INSTALL = YES;
				SUPPORTED_PLATFORMS = "watchos watchsimulator";
				SWIFT_EMIT_LOC_STRINGS = YES;
				SWIFT_VERSION = 5.9;
				WATCHOS_DEPLOYMENT_TARGET = 10.0;
			};
			name = Release;
		};
		HH000000000000000007AAAA /* Debug */ = {
			isa = XCBuildConfiguration;
			buildSettings = {
				CODE_SIGN_ENTITLEMENTS = "Ritmo Widgets/Ritmo Widgets.entitlements";
				CODE_SIGN_STYLE = Automatic;
				CURRENT_PROJECT_VERSION = 1;
				DEVELOPMENT_TEAM = NLJBBH7U2K;
				GENERATE_INFOPLIST_FILE = NO;
				INFOPLIST_FILE = "Ritmo Widgets/Info.plist";
				IPHONEOS_DEPLOYMENT_TARGET = 26.0;
				LD_RUNPATH_SEARCH_PATHS = (
					"$(inherited)",
					"@executable_path/Frameworks",
					"@executable_path/../../Frameworks",
				);
				MARKETING_VERSION = 1.0;
				PRODUCT_BUNDLE_IDENTIFIER = com.alessandrodiscalzi.ritmo.widgets;
				PRODUCT_NAME = "$(TARGET_NAME)";
				SDKROOT = iphoneos;
				SKIP_INSTALL = YES;
				SUPPORTED_PLATFORMS = "iphoneos iphonesimulator";
				SWIFT_EMIT_LOC_STRINGS = YES;
				SWIFT_VERSION = 5.9;
				TARGETED_DEVICE_FAMILY = "1,2";
			};
			name = Debug;
		};
		HH000000000000000008AAAA /* Release */ = {
			isa = XCBuildConfiguration;
			buildSettings = {
				CODE_SIGN_ENTITLEMENTS = "Ritmo Widgets/Ritmo Widgets.entitlements";
				CODE_SIGN_STYLE = Automatic;
				CURRENT_PROJECT_VERSION = 1;
				DEVELOPMENT_TEAM = NLJBBH7U2K;
				GENERATE_INFOPLIST_FILE = NO;
				INFOPLIST_FILE = "Ritmo Widgets/Info.plist";
				IPHONEOS_DEPLOYMENT_TARGET = 26.0;
				LD_RUNPATH_SEARCH_PATHS = (
					"$(inherited)",
					"@executable_path/Frameworks",
					"@executable_path/../../Frameworks",
				);
				MARKETING_VERSION = 1.0;
				PRODUCT_BUNDLE_IDENTIFIER = com.alessandrodiscalzi.ritmo.widgets;
				PRODUCT_NAME = "$(TARGET_NAME)";
				SDKROOT = iphoneos;
				SKIP_INSTALL = YES;
				SUPPORTED_PLATFORMS = "iphoneos iphonesimulator";
				SWIFT_EMIT_LOC_STRINGS = YES;
				SWIFT_VERSION = 5.9;
				TARGETED_DEVICE_FAMILY = "1,2";
			};
			name = Release;
		};
		HH000000000000000009AAAA /* Debug */ = {
			isa = XCBuildConfiguration;
			buildSettings = {
				CODE_SIGN_ENTITLEMENTS = "Ritmo Watch Widget/RitmoWatchWidget.entitlements";
				CODE_SIGN_STYLE = Automatic;
				CURRENT_PROJECT_VERSION = 1;
				DEVELOPMENT_TEAM = NLJBBH7U2K;
				GENERATE_INFOPLIST_FILE = NO;
				INFOPLIST_FILE = "Ritmo Watch Widget/Info.plist";
				LD_RUNPATH_SEARCH_PATHS = (
					"$(inherited)",
					"@executable_path/Frameworks",
					"@executable_path/../../Frameworks",
				);
				MARKETING_VERSION = 1.0;
				PRODUCT_BUNDLE_IDENTIFIER = com.alessandrodiscalzi.ritmo.watchkitapp.watchwidget;
				PRODUCT_NAME = "$(TARGET_NAME)";
				SDKROOT = watchos;
				SKIP_INSTALL = YES;
				SUPPORTED_PLATFORMS = "watchos watchsimulator";
				SWIFT_EMIT_LOC_STRINGS = YES;
				SWIFT_VERSION = 5.9;
				WATCHOS_DEPLOYMENT_TARGET = 10.0;
			};
			name = Debug;
		};
		HH00000000000000000AAAAA /* Release */ = {
			isa = XCBuildConfiguration;
			buildSettings = {
				CODE_SIGN_ENTITLEMENTS = "Ritmo Watch Widget/RitmoWatchWidget.entitlements";
				CODE_SIGN_STYLE = Automatic;
				CURRENT_PROJECT_VERSION = 1;
				DEVELOPMENT_TEAM = NLJBBH7U2K;
				GENERATE_INFOPLIST_FILE = NO;
				INFOPLIST_FILE = "Ritmo Watch Widget/Info.plist";
				LD_RUNPATH_SEARCH_PATHS = (
					"$(inherited)",
					"@executable_path/Frameworks",
					"@executable_path/../../Frameworks",
				);
				MARKETING_VERSION = 1.0;
				PRODUCT_BUNDLE_IDENTIFIER = com.alessandrodiscalzi.ritmo.watchkitapp.watchwidget;
				PRODUCT_NAME = "$(TARGET_NAME)";
				SDKROOT = watchos;
				SKIP_INSTALL = YES;
				SUPPORTED_PLATFORMS = "watchos watchsimulator";
				SWIFT_EMIT_LOC_STRINGS = YES;
				SWIFT_VERSION = 5.9;
				WATCHOS_DEPLOYMENT_TARGET = 10.0;
			};
			name = Release;
		};
/* End XCBuildConfiguration section */

/* Begin XCConfigurationList section */
		GG000000000000000001AAAA /* Build configuration list for PBXProject "Ritmo" */ = {
			isa = XCConfigurationList;
			buildConfigurations = (
				HH000000000000000001AAAA /* Debug */,
				HH000000000000000002AAAA /* Release */,
			);
			defaultConfigurationIsVisible = 0;
			defaultConfigurationName = Release;
		};
		GG000000000000000002AAAA /* Build configuration list for PBXNativeTarget "Ritmo" */ = {
			isa = XCConfigurationList;
			buildConfigurations = (
				HH000000000000000003AAAA /* Debug */,
				HH000000000000000004AAAA /* Release */,
			);
			defaultConfigurationIsVisible = 0;
			defaultConfigurationName = Release;
		};
		GG000000000000000003AAAA /* Build configuration list for PBXNativeTarget "Ritmo watchOS" */ = {
			isa = XCConfigurationList;
			buildConfigurations = (
				HH000000000000000005AAAA /* Debug */,
				HH000000000000000006AAAA /* Release */,
			);
			defaultConfigurationIsVisible = 0;
			defaultConfigurationName = Release;
		};
		GG000000000000000004AAAA /* Build configuration list for PBXNativeTarget "Ritmo Widgets" */ = {
			isa = XCConfigurationList;
			buildConfigurations = (
				HH000000000000000007AAAA /* Debug */,
				HH000000000000000008AAAA /* Release */,
			);
			defaultConfigurationIsVisible = 0;
			defaultConfigurationName = Release;
		};
		GG000000000000000005AAAA /* Build configuration list for PBXNativeTarget "Ritmo Watch Widget" */ = {
			isa = XCConfigurationList;
			buildConfigurations = (
				HH000000000000000009AAAA /* Debug */,
				HH00000000000000000AAAAA /* Release */,
			);
			defaultConfigurationIsVisible = 0;
			defaultConfigurationName = Release;
		};
/* End XCConfigurationList section */

/* Begin XCLocalSwiftPackageReference section */
		II000000000000000001AAAA /* XCLocalSwiftPackageReference "Packages/RitmoCore" */ = {
			isa = XCLocalSwiftPackageReference;
			relativePath = Packages/RitmoCore;
		};
/* End XCLocalSwiftPackageReference section */

/* Begin XCSwiftPackageProductDependency section */
		II000000000000000002AAAA /* RitmoCore */ = {
			isa = XCSwiftPackageProductDependency;
			package = II000000000000000001AAAA /* XCLocalSwiftPackageReference "Packages/RitmoCore" */;
			productName = RitmoCore;
		};
		II000000000000000003AAAA /* RitmoCore */ = {
			isa = XCSwiftPackageProductDependency;
			package = II000000000000000001AAAA /* XCLocalSwiftPackageReference "Packages/RitmoCore" */;
			productName = RitmoCore;
		};
		II000000000000000004AAAA /* RitmoCore */ = {
			isa = XCSwiftPackageProductDependency;
			package = II000000000000000001AAAA /* XCLocalSwiftPackageReference "Packages/RitmoCore" */;
			productName = RitmoCore;
		};
		II000000000000000005AAAA /* RitmoCore */ = {
			isa = XCSwiftPackageProductDependency;
			package = II000000000000000001AAAA /* XCLocalSwiftPackageReference "Packages/RitmoCore" */;
			productName = RitmoCore;
		};
/* End XCSwiftPackageProductDependency section */
	};
	rootObject = AA000000000000000000AAAA /* Project object */;
}
